{
  "requires": true,
  "lockfileVersion": 1,
  "dependencies": {
    "decomment": {
      "version": "0.9.3",
      "resolved": "https://registry.npmjs.org/decomment/-/decomment-0.9.3.tgz",
      "integrity": "sha512-5skH5BfUL3n09RDmMVaHS1QGCiZRnl2nArUwmsE9JRY93Ueh3tihYl5wIrDdAuXnoFhxVis/DmRWREO2c6DG3w==",
      "requires": {
        "esprima": "4.0.1"
      }
    },
    "esprima": {
      "version": "4.0.1",
      "resolved": "https://registry.npmjs.org/esprima/-/esprima-4.0.1.tgz",
      "integrity": "sha512-eGuFFw7Upda+g4p+QHvnW0RyTX/SVeJBDM/gCtMARO0cLuT2HcEKnTPvhjV6aGeqrCB/sbNop0Kszm0jsaWU4A=="
    }
  }
}
